
Microsoft Visual Studio Solution File, Format Version 12.00
# Visual Studio Version 16
VisualStudioVersion = 16.0.28729.10
MinimumVisualStudioVersion = 10.0.40219.1
Project("{FAE04EC0-301F-11D3-BF4B-00C04F79EFBC}") = "Minerva", "Minerva\Minerva.csproj", "{A934E12A-F332-4EA1-BE25-3B0AC02C3188}"
EndProject
Global
	GlobalSection(SolutionConfigurationPlatforms) = preSolution
		Debug|Any CPU = Debug|Any CPU
		Release|Any CPU = Release|Any CPU
	EndGlobalSection
	GlobalSection(ProjectConfigurationPlatforms) = postSolution
		{A934E12A-F332-4EA1-BE25-3B0AC02C3188}.Debug|Any CPU.ActiveCfg = Debug|Any CPU
		{A934E12A-F332-4EA1-BE25-3B0AC02C3188}.Debug|Any CPU.Build.0 = Debug|Any CPU
		{A934E12A-F332-4EA1-BE25-3B0AC02C3188}.Release|Any CPU.ActiveCfg = Release|Any CPU
		{A934E12A-F332-4EA1-BE25-3B0AC02C3188}.Release|Any CPU.Build.0 = Release|Any CPU
	EndGlobalSection
	GlobalSection(SolutionProperties) = preSolution
		HideSolutionNode = FALSE
	EndGlobalSection
	GlobalSection(ExtensibilityGlobals) = postSolution
		SolutionGuid = {DED81998-57A6-4A34-A2B4-10AD748011C0}
	EndGlobalSection
EndGlobal
